
Microsoft Visual Studio Solution File, Format Version 12.00
Project("{FAE04EC0-301F-11D3-BF4B-00C04F79EFBC}") = "Fiit-passport", "Fiit-passport\Fiit-passport.csproj", "{A2DA2BDC-76FF-4FD3-9942-8F54B3A6808C}"
EndProject
Global
	GlobalSection(SolutionConfigurationPlatforms) = preSolution
		Debug|Any CPU = Debug|Any CPU
		Release|Any CPU = Release|Any CPU
	EndGlobalSection
	GlobalSection(ProjectConfigurationPlatforms) = postSolution
		{A2DA2BDC-76FF-4FD3-9942-8F54B3A6808C}.Debug|Any CPU.ActiveCfg = Debug|Any CPU
		{A2DA2BDC-76FF-4FD3-9942-8F54B3A6808C}.Debug|Any CPU.Build.0 = Debug|Any CPU
		{A2DA2BDC-76FF-4FD3-9942-8F54B3A6808C}.Release|Any CPU.ActiveCfg = Release|Any CPU
		{A2DA2BDC-76FF-4FD3-9942-8F54B3A6808C}.Release|Any CPU.Build.0 = Release|Any CPU
	EndGlobalSection
EndGlobal
